{
  "originHash" : "f17aac518186e25e795d01218c9d3a43e62a31366a0bfe125e91e3512ae5ebc2",
  "pins" : [
    {
      "identity" : "swiftgraph",
      "kind" : "remoteSourceControl",
      "location" : "https://github.com/mrwerdo/SwiftGraph",
      "state" : {
        "branch" : "master",
        "revision" : "867dd0920cc766ace4db3f7cb09283b53c1c4387"
      }
    }
  ],
  "version" : 3
}
